
Microsoft Visual Studio Solution File, Format Version 12.00
# Visual Studio Version 17
VisualStudioVersion = 17.14.36203.30 d17.14
MinimumVisualStudioVersion = 10.0.40219.1
Project("{FAE04EC0-301F-11D3-BF4B-00C04F79EFBC}") = "api_festivales_egc", "api_festivales_egc\api_festivales_egc.csproj", "{CBA4B75B-5B6C-40FA-A34A-B6D73647AF22}"
EndProject
Global
	GlobalSection(SolutionConfigurationPlatforms) = preSolution
		Debug|Any CPU = Debug|Any CPU
		Release|Any CPU = Release|Any CPU
	EndGlobalSection
	GlobalSection(ProjectConfigurationPlatforms) = postSolution
		{CBA4B75B-5B6C-40FA-A34A-B6D73647AF22}.Debug|Any CPU.ActiveCfg = Debug|Any CPU
		{CBA4B75B-5B6C-40FA-A34A-B6D73647AF22}.Debug|Any CPU.Build.0 = Debug|Any CPU
		{CBA4B75B-5B6C-40FA-A34A-B6D73647AF22}.Release|Any CPU.ActiveCfg = Release|Any CPU
		{CBA4B75B-5B6C-40FA-A34A-B6D73647AF22}.Release|Any CPU.Build.0 = Release|Any CPU
	EndGlobalSection
	GlobalSection(SolutionProperties) = preSolution
		HideSolutionNode = FALSE
	EndGlobalSection
	GlobalSection(ExtensibilityGlobals) = postSolution
		SolutionGuid = {54194FA4-B305-4851-8353-BD95C4616EA6}
	EndGlobalSection
EndGlobal
